
Microsoft Visual Studio Solution File, Format Version 12.00
# Visual Studio Version 16
VisualStudioVersion = 25.0.1705.6
MinimumVisualStudioVersion = 10.0.40219.1
Project("{FAE04EC0-301F-11D3-BF4B-00C04F79EFBC}") = "Unsort_Names", "Unsort_Names\Unsort_Names.csproj", "{99EEC0F8-E27D-4F86-85D0-F1ABF5855828}"
EndProject
Project("{FAE04EC0-301F-11D3-BF4B-00C04F79EFBC}") = "UnitTests", "UnitTests\UnitTests.csproj", "{8001F127-0250-4E02-B3F6-A7A2CCEE0EF6}"
EndProject
Global
	GlobalSection(SolutionConfigurationPlatforms) = preSolution
		Debug|Any CPU = Debug|Any CPU
		Release|Any CPU = Release|Any CPU
	EndGlobalSection
	GlobalSection(ProjectConfigurationPlatforms) = postSolution
		{99EEC0F8-E27D-4F86-85D0-F1ABF5855828}.Debug|Any CPU.ActiveCfg = Debug|Any CPU
		{99EEC0F8-E27D-4F86-85D0-F1ABF5855828}.Debug|Any CPU.Build.0 = Debug|Any CPU
		{99EEC0F8-E27D-4F86-85D0-F1ABF5855828}.Release|Any CPU.ActiveCfg = Release|Any CPU
		{99EEC0F8-E27D-4F86-85D0-F1ABF5855828}.Release|Any CPU.Build.0 = Release|Any CPU
		{8001F127-0250-4E02-B3F6-A7A2CCEE0EF6}.Debug|Any CPU.ActiveCfg = Debug|Any CPU
		{8001F127-0250-4E02-B3F6-A7A2CCEE0EF6}.Debug|Any CPU.Build.0 = Debug|Any CPU
		{8001F127-0250-4E02-B3F6-A7A2CCEE0EF6}.Release|Any CPU.ActiveCfg = Release|Any CPU
		{8001F127-0250-4E02-B3F6-A7A2CCEE0EF6}.Release|Any CPU.Build.0 = Release|Any CPU
	EndGlobalSection
	GlobalSection(SolutionProperties) = preSolution
		HideSolutionNode = FALSE
	EndGlobalSection
	GlobalSection(ExtensibilityGlobals) = postSolution
		SolutionGuid = {CF2E3AAC-280C-4B6C-9A85-67A5D2D77056}
	EndGlobalSection
EndGlobal
